// !$*UTF8*$!
{
	archiveVersion = 1;
	classes = {
	};
	objectVersion = 46;
	objects = {

/* Begin PBXBuildFile section */
		3707AE561C4543C500C388E8 /* HBTransactionController.m in Sources */ = {isa = PBXBuildFile; fileRef = 3707AE551C4543C500C388E8 /* HBTransactionController.m */; };
		3707AE5B1C49AF1E00C388E8 /* TransactionViewController.m in Sources */ = {isa = PBXBuildFile; fileRef = 3707AE5A1C49AF1E00C388E8 /* TransactionViewController.m */; };
		3707AE5E1C4B03EE00C388E8 /* CategoryListViewController.m in Sources */ = {isa = PBXBuildFile; fileRef = 3707AE5D1C4B03EE00C388E8 /* CategoryListViewController.m */; };
		377E746E1C2965FB003C4C38 /* CathegoryViewController.m in Sources */ = {isa = PBXBuildFile; fileRef = 377E746D1C2965FB003C4C38 /* CathegoryViewController.m */; };
		37AB93D91C03CEAF00BFB2E9 /* main.m in Sources */ = {isa = PBXBuildFile; fileRef = 37AB93D81C03CEAF00BFB2E9 /* main.m */; };
		37AB93DC1C03CEAF00BFB2E9 /* AppDelegate.m in Sources */ = {isa = PBXBuildFile; fileRef = 37AB93DB1C03CEAF00BFB2E9 /* AppDelegate.m */; };
		37AB93DF1C03CEB000BFB2E9 /* WhereIsMyBucks.xcdatamodeld in Sources */ = {isa = PBXBuildFile; fileRef = 37AB93DD1C03CEB000BFB2E9 /* WhereIsMyBucks.xcdatamodeld */; };
		37AB93E21C03CEB000BFB2E9 /* MasterViewController.m in Sources */ = {isa = PBXBuildFile; fileRef = 37AB93E11C03CEB000BFB2E9 /* MasterViewController.m */; };
		37AB93E51C03CEB000BFB2E9 /* DetailViewController.m in Sources */ = {isa = PBXBuildFile; fileRef = 37AB93E41C03CEB000BFB2E9 /* DetailViewController.m */; };
		37AB93E81C03CEB000BFB2E9 /* Main.storyboard in Resources */ = {isa = PBXBuildFile; fileRef = 37AB93E61C03CEB000BFB2E9 /* Main.storyboard */; };
		37AB93EA1C03CEB100BFB2E9 /* Assets.xcassets in Resources */ = {isa = PBXBuildFile; fileRef = 37AB93E91C03CEB100BFB2E9 /* Assets.xcassets */; };
		37AB93ED1C03CEB100BFB2E9 /* LaunchScreen.storyboard in Resources */ = {isa = PBXBuildFile; fileRef = 37AB93EB1C03CEB100BFB2E9 /* LaunchScreen.storyboard */; };
		37AB93F81C03CEB100BFB2E9 /* WhereIsMyBucksTests.m in Sources */ = {isa = PBXBuildFile; fileRef = 37AB93F71C03CEB100BFB2E9 /* WhereIsMyBucksTests.m */; };
		37AE15DE1C08796E0039F04E /* Transaction+CoreDataProperties.m in Sources */ = {isa = PBXBuildFile; fileRef = 37AE15C71C08796D0039F04E /* Transaction+CoreDataProperties.m */; };
		37AE15DF1C08796E0039F04E /* Transaction.m in Sources */ = {isa = PBXBuildFile; fileRef = 37AE15C91C08796D0039F04E /* Transaction.m */; };
		37AE15E01C08796E0039F04E /* Account+CoreDataProperties.m in Sources */ = {isa = PBXBuildFile; fileRef = 37AE15CB1C08796D0039F04E /* Account+CoreDataProperties.m */; };
		37AE15E11C08796E0039F04E /* Account.m in Sources */ = {isa = PBXBuildFile; fileRef = 37AE15CD1C08796D0039F04E /* Account.m */; };
		37AE15E21C08796E0039F04E /* Event+CoreDataProperties.m in Sources */ = {isa = PBXBuildFile; fileRef = 37AE15CF1C08796D0039F04E /* Event+CoreDataProperties.m */; };
		37AE15E31C08796E0039F04E /* Event.m in Sources */ = {isa = PBXBuildFile; fileRef = 37AE15D11C08796D0039F04E /* Event.m */; };
		37AE15E41C08796E0039F04E /* Cathegory+CoreDataProperties.m in Sources */ = {isa = PBXBuildFile; fileRef = 37AE15D31C08796D0039F04E /* Cathegory+CoreDataProperties.m */; };
		37AE15E51C08796E0039F04E /* Cathegory.m in Sources */ = {isa = PBXBuildFile; fileRef = 37AE15D51C08796D0039F04E /* Cathegory.m */; };
		37AE15E61C08796E0039F04E /* Balance+CoreDataProperties.m in Sources */ = {isa = PBXBuildFile; fileRef = 37AE15D71C08796D0039F04E /* Balance+CoreDataProperties.m */; };
		37AE15E71C08796E0039F04E /* Balance.m in Sources */ = {isa = PBXBuildFile; fileRef = 37AE15D91C08796D0039F04E /* Balance.m */; };
		37AE15E81C08796E0039F04E /* CashFlow+CoreDataProperties.m in Sources */ = {isa = PBXBuildFile; fileRef = 37AE15DB1C08796D0039F04E /* CashFlow+CoreDataProperties.m */; };
		37AE15E91C08796E0039F04E /* CashFlow.m in Sources */ = {isa = PBXBuildFile; fileRef = 37AE15DD1C08796D0039F04E /* CashFlow.m */; };
		37AE15EC1C08A6810039F04E /* NewTranViewController.m in Sources */ = {isa = PBXBuildFile; fileRef = 37AE15EB1C08A6810039F04E /* NewTranViewController.m */; };
		37AE15EF1C08BB9F0039F04E /* KeysGenerator.m in Sources */ = {isa = PBXBuildFile; fileRef = 37AE15EE1C08BB9F0039F04E /* KeysGenerator.m */; };
		37FF887B1C3B358900F1B100 /* ScrollViewController.m in Sources */ = {isa = PBXBuildFile; fileRef = 37FF887A1C3B358900F1B100 /* ScrollViewController.m */; };
		37FF887E1C3B3AF100F1B100 /* TranDetailViewController.m in Sources */ = {isa = PBXBuildFile; fileRef = 37FF887D1C3B3AF100F1B100 /* TranDetailViewController.m */; };
		37FF88811C3B3C7100F1B100 /* DetailListViewController.m in Sources */ = {isa = PBXBuildFile; fileRef = 37FF88801C3B3C7100F1B100 /* DetailListViewController.m */; };
		37FF88841C3B3E2000F1B100 /* CatergoryPickerDataSource.m in Sources */ = {isa = PBXBuildFile; fileRef = 37FF88831C3B3E2000F1B100 /* CatergoryPickerDataSource.m */; };
/* End PBXBuildFile section */

/* Begin PBXContainerItemProxy section */
		37AB93F41C03CEB100BFB2E9 /* PBXContainerItemProxy */ = {
			isa = PBXContainerItemProxy;
			containerPortal = 37AB93CC1C03CEAE00BFB2E9 /* Project object */;
			proxyType = 1;
			remoteGlobalIDString = 37AB93D31C03CEAF00BFB2E9;
			remoteInfo = WhereIsMyBucks;
		};
/* End PBXContainerItemProxy section */

/* Begin PBXFileReference section */
		3707AE541C4543C500C388E8 /* HBTransactionController.h */ = {isa = PBXFileReference; fileEncoding = 4; lastKnownFileType = sourcecode.c.h; path = HBTransactionController.h; sourceTree = "<group>"; };
		3707AE551C4543C500C388E8 /* HBTransactionController.m */ = {isa = PBXFileReference; fileEncoding = 4; lastKnownFileType = sourcecode.c.objc; path = HBTransactionController.m; sourceTree = "<group>"; };
		3707AE591C49AF1E00C388E8 /* TransactionViewController.h */ = {isa = PBXFileReference; fileEncoding = 4; lastKnownFileType = sourcecode.c.h; path = TransactionViewController.h; sourceTree = "<group>"; };
		3707AE5A1C49AF1E00C388E8 /* TransactionViewController.m */ = {isa = PBXFileReference; fileEncoding = 4; lastKnownFileType = sourcecode.c.objc; path = TransactionViewController.m; sourceTree = "<group>"; };
		3707AE5C1C4B03EE00C388E8 /* CategoryListViewController.h */ = {isa = PBXFileReference; fileEncoding = 4; lastKnownFileType = sourcecode.c.h; path = CategoryListViewController.h; sourceTree = "<group>"; };
		3707AE5D1C4B03EE00C388E8 /* CategoryListViewController.m */ = {isa = PBXFileReference; fileEncoding = 4; lastKnownFileType = sourcecode.c.objc; path = CategoryListViewController.m; sourceTree = "<group>"; };
		377E746C1C2965FB003C4C38 /* CathegoryViewController.h */ = {isa = PBXFileReference; fileEncoding = 4; lastKnownFileType = sourcecode.c.h; path = CathegoryViewController.h; sourceTree = "<group>"; };
		377E746D1C2965FB003C4C38 /* CathegoryViewController.m */ = {isa = PBXFileReference; fileEncoding = 4; lastKnownFileType = sourcecode.c.objc; path = CathegoryViewController.m; sourceTree = "<group>"; };
		37AB93D41C03CEAF00BFB2E9 /* WhereIsMyBucks.app */ = {isa = PBXFileReference; explicitFileType = wrapper.application; includeInIndex = 0; path = WhereIsMyBucks.app; sourceTree = BUILT_PRODUCTS_DIR; };
		37AB93D81C03CEAF00BFB2E9 /* main.m */ = {isa = PBXFileReference; lastKnownFileType = sourcecode.c.objc; path = main.m; sourceTree = "<group>"; };
		37AB93DA1C03CEAF00BFB2E9 /* AppDelegate.h */ = {isa = PBXFileReference; lastKnownFileType = sourcecode.c.h; path = AppDelegate.h; sourceTree = "<group>"; };
		37AB93DB1C03CEAF00BFB2E9 /* AppDelegate.m */ = {isa = PBXFileReference; lastKnownFileType = sourcecode.c.objc; path = AppDelegate.m; sourceTree = "<group>"; };
		37AB93DE1C03CEB000BFB2E9 /* WhereIsMyBucks.xcdatamodel */ = {isa = PBXFileReference; lastKnownFileType = wrapper.xcdatamodel; path = WhereIsMyBucks.xcdatamodel; sourceTree = "<group>"; };
		37AB93E01C03CEB000BFB2E9 /* MasterViewController.h */ = {isa = PBXFileReference; lastKnownFileType = sourcecode.c.h; path = MasterViewController.h; sourceTree = "<group>"; };
		37AB93E11C03CEB000BFB2E9 /* MasterViewController.m */ = {isa = PBXFileReference; lastKnownFileType = sourcecode.c.objc; path = MasterViewController.m; sourceTree = "<group>"; };
		37AB93E31C03CEB000BFB2E9 /* DetailViewController.h */ = {isa = PBXFileReference; lastKnownFileType = sourcecode.c.h; path = DetailViewController.h; sourceTree = "<group>"; };
		37AB93E41C03CEB000BFB2E9 /* DetailViewController.m */ = {isa = PBXFileReference; lastKnownFileType = sourcecode.c.objc; path = DetailViewController.m; sourceTree = "<group>"; };
		37AB93E71C03CEB000BFB2E9 /* Base */ = {isa = PBXFileReference; lastKnownFileType = file.storyboard; name = Base; path = Base.lproj/Main.storyboard; sourceTree = "<group>"; };
		37AB93E91C03CEB100BFB2E9 /* Assets.xcassets */ = {isa = PBXFileReference; lastKnownFileType = folder.assetcatalog; path = Assets.xcassets; sourceTree = "<group>"; };
		37AB93EC1C03CEB100BFB2E9 /* Base */ = {isa = PBXFileReference; lastKnownFileType = file.storyboard; name = Base; path = Base.lproj/LaunchScreen.storyboard; sourceTree = "<group>"; };
		37AB93EE1C03CEB100BFB2E9 /* Info.plist */ = {isa = PBXFileReference; lastKnownFileType = text.plist.xml; path = Info.plist; sourceTree = "<group>"; };
		37AB93F31C03CEB100BFB2E9 /* WhereIsMyBucksTests.xctest */ = {isa = PBXFileReference; explicitFileType = wrapper.cfbundle; includeInIndex = 0; path = WhereIsMyBucksTests.xctest; sourceTree = BUILT_PRODUCTS_DIR; };
		37AB93F71C03CEB100BFB2E9 /* WhereIsMyBucksTests.m */ = {isa = PBXFileReference; lastKnownFileType = sourcecode.c.objc; path = WhereIsMyBucksTests.m; sourceTree = "<group>"; };
		37AB93F91C03CEB100BFB2E9 /* Info.plist */ = {isa = PBXFileReference; lastKnownFileType = text.plist.xml; path = Info.plist; sourceTree = "<group>"; };
		37AE15C61C08796C0039F04E /* Transaction+CoreDataProperties.h */ = {isa = PBXFileReference; fileEncoding = 4; lastKnownFileType = sourcecode.c.h; name = "Transaction+CoreDataProperties.h"; path = "WhereIsMyBucks/Transaction+CoreDataProperties.h"; sourceTree = "<group>"; };
		37AE15C71C08796D0039F04E /* Transaction+CoreDataProperties.m */ = {isa = PBXFileReference; fileEncoding = 4; lastKnownFileType = sourcecode.c.objc; name = "Transaction+CoreDataProperties.m"; path = "WhereIsMyBucks/Transaction+CoreDataProperties.m"; sourceTree = "<group>"; };
		37AE15C81C08796D0039F04E /* Transaction.h */ = {isa = PBXFileReference; fileEncoding = 4; lastKnownFileType = sourcecode.c.h; name = Transaction.h; path = WhereIsMyBucks/Transaction.h; sourceTree = "<group>"; };
		37AE15C91C08796D0039F04E /* Transaction.m */ = {isa = PBXFileReference; fileEncoding = 4; lastKnownFileType = sourcecode.c.objc; name = Transaction.m; path = WhereIsMyBucks/Transaction.m; sourceTree = "<group>"; };
		37AE15CA1C08796D0039F04E /* Account+CoreDataProperties.h */ = {isa = PBXFileReference; fileEncoding = 4; lastKnownFileType = sourcecode.c.h; name = "Account+CoreDataProperties.h"; path = "WhereIsMyBucks/Account+CoreDataProperties.h"; sourceTree = "<group>"; };
		37AE15CB1C08796D0039F04E /* Account+CoreDataProperties.m */ = {isa = PBXFileReference; fileEncoding = 4; lastKnownFileType = sourcecode.c.objc; name = "Account+CoreDataProperties.m"; path = "WhereIsMyBucks/Account+CoreDataProperties.m"; sourceTree = "<group>"; };
		37AE15CC1C08796D0039F04E /* Account.h */ = {isa = PBXFileReference; fileEncoding = 4; lastKnownFileType = sourcecode.c.h; name = Account.h; path = WhereIsMyBucks/Account.h; sourceTree = "<group>"; };
		37AE15CD1C08796D0039F04E /* Account.m */ = {isa = PBXFileReference; fileEncoding = 4; lastKnownFileType = sourcecode.c.objc; name = Account.m; path = WhereIsMyBucks/Account.m; sourceTree = "<group>"; };
		37AE15CE1C08796D0039F04E /* Event+CoreDataProperties.h */ = {isa = PBXFileReference; fileEncoding = 4; lastKnownFileType = sourcecode.c.h; name = "Event+CoreDataProperties.h"; path = "WhereIsMyBucks/Event+CoreDataProperties.h"; sourceTree = "<group>"; };
		37AE15CF1C08796D0039F04E /* Event+CoreDataProperties.m */ = {isa = PBXFileReference; fileEncoding = 4; lastKnownFileType = sourcecode.c.objc; name = "Event+CoreDataProperties.m"; path = "WhereIsMyBucks/Event+CoreDataProperties.m"; sourceTree = "<group>"; };
		37AE15D01C08796D0039F04E /* Event.h */ = {isa = PBXFileReference; fileEncoding = 4; lastKnownFileType = sourcecode.c.h; name = Event.h; path = WhereIsMyBucks/Event.h; sourceTree = "<group>"; };
		37AE15D11C08796D0039F04E /* Event.m */ = {isa = PBXFileReference; fileEncoding = 4; lastKnownFileType = sourcecode.c.objc; name = Event.m; path = WhereIsMyBucks/Event.m; sourceTree = "<group>"; };
		37AE15D21C08796D0039F04E /* Cathegory+CoreDataProperties.h */ = {isa = PBXFileReference; fileEncoding = 4; lastKnownFileType = sourcecode.c.h; name = "Cathegory+CoreDataProperties.h"; path = "WhereIsMyBucks/Cathegory+CoreDataProperties.h"; sourceTree = "<group>"; };
		37AE15D31C08796D0039F04E /* Cathegory+CoreDataProperties.m */ = {isa = PBXFileReference; fileEncoding = 4; lastKnownFileType = sourcecode.c.objc; name = "Cathegory+CoreDataProperties.m"; path = "WhereIsMyBucks/Cathegory+CoreDataProperties.m"; sourceTree = "<group>"; };
		37AE15D41C08796D0039F04E /* Cathegory.h */ = {isa = PBXFileReference; fileEncoding = 4; lastKnownFileType = sourcecode.c.h; name = Cathegory.h; path = WhereIsMyBucks/Cathegory.h; sourceTree = "<group>"; };
		37AE15D51C08796D0039F04E /* Cathegory.m */ = {isa = PBXFileReference; fileEncoding = 4; lastKnownFileType = sourcecode.c.objc; name = Cathegory.m; path = WhereIsMyBucks/Cathegory.m; sourceTree = "<group>"; };
		37AE15D61C08796D0039F04E /* Balance+CoreDataProperties.h */ = {isa = PBXFileReference; fileEncoding = 4; lastKnownFileType = sourcecode.c.h; path = "Balance+CoreDataProperties.h"; sourceTree = "<group>"; };
		37AE15D71C08796D0039F04E /* Balance+CoreDataProperties.m */ = {isa = PBXFileReference; fileEncoding = 4; lastKnownFileType = sourcecode.c.objc; path = "Balance+CoreDataProperties.m"; sourceTree = "<group>"; };
		37AE15D81C08796D0039F04E /* Balance.h */ = {isa = PBXFileReference; fileEncoding = 4; lastKnownFileType = sourcecode.c.h; name = Balance.h; path = WhereIsMyBucks/Balance.h; sourceTree = "<group>"; };
		37AE15D91C08796D0039F04E /* Balance.m */ = {isa = PBXFileReference; fileEncoding = 4; lastKnownFileType = sourcecode.c.objc; name = Balance.m; path = WhereIsMyBucks/Balance.m; sourceTree = "<group>"; };
		37AE15DA1C08796D0039F04E /* CashFlow+CoreDataProperties.h */ = {isa = PBXFileReference; fileEncoding = 4; lastKnownFileType = sourcecode.c.h; path = "CashFlow+CoreDataProperties.h"; sourceTree = "<group>"; };
		37AE15DB1C08796D0039F04E /* CashFlow+CoreDataProperties.m */ = {isa = PBXFileReference; fileEncoding = 4; lastKnownFileType = sourcecode.c.objc; path = "CashFlow+CoreDataProperties.m"; sourceTree = "<group>"; };
		37AE15DC1C08796D0039F04E /* CashFlow.h */ = {isa = PBXFileReference; fileEncoding = 4; lastKnownFileType = sourcecode.c.h; path = CashFlow.h; sourceTree = "<group>"; };
		37AE15DD1C08796D0039F04E /* CashFlow.m */ = {isa = PBXFileReference; fileEncoding = 4; lastKnownFileType = sourcecode.c.objc; path = CashFlow.m; sourceTree = "<group>"; };
		37AE15EA1C08A6810039F04E /* NewTranViewController.h */ = {isa = PBXFileReference; fileEncoding = 4; lastKnownFileType = sourcecode.c.h; path = NewTranViewController.h; sourceTree = "<group>"; };
		37AE15EB1C08A6810039F04E /* NewTranViewController.m */ = {isa = PBXFileReference; fileEncoding = 4; lastKnownFileType = sourcecode.c.objc; path = NewTranViewController.m; sourceTree = "<group>"; };
		37AE15ED1C08BB9F0039F04E /* KeysGenerator.h */ = {isa = PBXFileReference; fileEncoding = 4; lastKnownFileType = sourcecode.c.h; name = KeysGenerator.h; path = WhereIsMyBucks/KeysGenerator.h; sourceTree = "<group>"; };
		37AE15EE1C08BB9F0039F04E /* KeysGenerator.m */ = {isa = PBXFileReference; fileEncoding = 4; lastKnownFileType = sourcecode.c.objc; name = KeysGenerator.m; path = WhereIsMyBucks/KeysGenerator.m; sourceTree = "<group>"; };
		37FF88791C3B358900F1B100 /* ScrollViewController.h */ = {isa = PBXFileReference; fileEncoding = 4; lastKnownFileType = sourcecode.c.h; path = ScrollViewController.h; sourceTree = "<group>"; };
		37FF887A1C3B358900F1B100 /* ScrollViewController.m */ = {isa = PBXFileReference; fileEncoding = 4; lastKnownFileType = sourcecode.c.objc; path = ScrollViewController.m; sourceTree = "<group>"; };
		37FF887C1C3B3AF100F1B100 /* TranDetailViewController.h */ = {isa = PBXFileReference; fileEncoding = 4; lastKnownFileType = sourcecode.c.h; path = TranDetailViewController.h; sourceTree = "<group>"; };
		37FF887D1C3B3AF100F1B100 /* TranDetailViewController.m */ = {isa = PBXFileReference; fileEncoding = 4; lastKnownFileType = sourcecode.c.objc; path = TranDetailViewController.m; sourceTree = "<group>"; };
		37FF887F1C3B3C7100F1B100 /* DetailListViewController.h */ = {isa = PBXFileReference; fileEncoding = 4; lastKnownFileType = sourcecode.c.h; path = DetailListViewController.h; sourceTree = "<group>"; };
		37FF88801C3B3C7100F1B100 /* DetailListViewController.m */ = {isa = PBXFileReference; fileEncoding = 4; lastKnownFileType = sourcecode.c.objc; path = DetailListViewController.m; sourceTree = "<group>"; };
		37FF88821C3B3E2000F1B100 /* CategoryPickerDataSource.h */ = {isa = PBXFileReference; fileEncoding = 4; lastKnownFileType = sourcecode.c.h; path = CategoryPickerDataSource.h; sourceTree = "<group>"; };
		37FF88831C3B3E2000F1B100 /* CatergoryPickerDataSource.m */ = {isa = PBXFileReference; fileEncoding = 4; lastKnownFileType = sourcecode.c.objc; path = CatergoryPickerDataSource.m; sourceTree = "<group>"; };
/* End PBXFileReference section */

/* Begin PBXFrameworksBuildPhase section */
		37AB93D11C03CEAF00BFB2E9 /* Frameworks */ = {
			isa = PBXFrameworksBuildPhase;
			buildActionMask = 2147483647;
			files = (
			);
			runOnlyForDeploymentPostprocessing = 0;
		};
		37AB93F01C03CEB100BFB2E9 /* Frameworks */ = {
			isa = PBXFrameworksBuildPhase;
			buildActionMask = 2147483647;
			files = (
			);
			runOnlyForDeploymentPostprocessing = 0;
		};
/* End PBXFrameworksBuildPhase section */

/* Begin PBXGroup section */
		3707AE571C4902D800C388E8 /* Controller */ = {
			isa = PBXGroup;
			children = (
				37AB93E01C03CEB000BFB2E9 /* MasterViewController.h */,
				37AB93E11C03CEB000BFB2E9 /* MasterViewController.m */,
				37AB93E31C03CEB000BFB2E9 /* DetailViewController.h */,
				37AB93E41C03CEB000BFB2E9 /* DetailViewController.m */,
				37AE15EA1C08A6810039F04E /* NewTranViewController.h */,
				37AE15EB1C08A6810039F04E /* NewTranViewController.m */,
				377E746C1C2965FB003C4C38 /* CathegoryViewController.h */,
				377E746D1C2965FB003C4C38 /* CathegoryViewController.m */,
				37FF88791C3B358900F1B100 /* ScrollViewController.h */,
				37FF887A1C3B358900F1B100 /* ScrollViewController.m */,
				37FF887C1C3B3AF100F1B100 /* TranDetailViewController.h */,
				37FF887D1C3B3AF100F1B100 /* TranDetailViewController.m */,
				37FF887F1C3B3C7100F1B100 /* DetailListViewController.h */,
				37FF88801C3B3C7100F1B100 /* DetailListViewController.m */,
				3707AE541C4543C500C388E8 /* HBTransactionController.h */,
				3707AE551C4543C500C388E8 /* HBTransactionController.m */,
				3707AE591C49AF1E00C388E8 /* TransactionViewController.h */,
				3707AE5A1C49AF1E00C388E8 /* TransactionViewController.m */,
				3707AE5C1C4B03EE00C388E8 /* CategoryListViewController.h */,
				3707AE5D1C4B03EE00C388E8 /* CategoryListViewController.m */,
			);
			name = Controller;
			sourceTree = "<group>";
		};
		3707AE581C4902F200C388E8 /* Model */ = {
			isa = PBXGroup;
			children = (
				37AE15C61C08796C0039F04E /* Transaction+CoreDataProperties.h */,
				37AE15C71C08796D0039F04E /* Transaction+CoreDataProperties.m */,
				37AE15CA1C08796D0039F04E /* Account+CoreDataProperties.h */,
				37AE15CB1C08796D0039F04E /* Account+CoreDataProperties.m */,
				37AE15CE1C08796D0039F04E /* Event+CoreDataProperties.h */,
				37AE15CF1C08796D0039F04E /* Event+CoreDataProperties.m */,
				37AE15D21C08796D0039F04E /* Cathegory+CoreDataProperties.h */,
				37AE15D31C08796D0039F04E /* Cathegory+CoreDataProperties.m */,
				37AE15ED1C08BB9F0039F04E /* KeysGenerator.h */,
				37AE15EE1C08BB9F0039F04E /* KeysGenerator.m */,
				37AE15D41C08796D0039F04E /* Cathegory.h */,
				37AE15D51C08796D0039F04E /* Cathegory.m */,
				37AE15C81C08796D0039F04E /* Transaction.h */,
				37AE15C91C08796D0039F04E /* Transaction.m */,
				37AE15CC1C08796D0039F04E /* Account.h */,
				37AE15CD1C08796D0039F04E /* Account.m */,
				37AE15D01C08796D0039F04E /* Event.h */,
				37AE15D11C08796D0039F04E /* Event.m */,
				37AE15D81C08796D0039F04E /* Balance.h */,
				37AE15D91C08796D0039F04E /* Balance.m */,
			);
			name = Model;
			path = ..;
			sourceTree = "<group>";
		};
		37AB93CB1C03CEAE00BFB2E9 = {
			isa = PBXGroup;
			children = (
				37AB93D61C03CEAF00BFB2E9 /* WhereIsMyBucks */,
				37AB93F61C03CEB100BFB2E9 /* WhereIsMyBucksTests */,
				37AB93D51C03CEAF00BFB2E9 /* Products */,
			);
			sourceTree = "<group>";
		};
		37AB93D51C03CEAF00BFB2E9 /* Products */ = {
			isa = PBXGroup;
			children = (
				37AB93D41C03CEAF00BFB2E9 /* WhereIsMyBucks.app */,
				37AB93F31C03CEB100BFB2E9 /* WhereIsMyBucksTests.xctest */,
			);
			name = Products;
			sourceTree = "<group>";
		};
		37AB93D61C03CEAF00BFB2E9 /* WhereIsMyBucks */ = {
			isa = PBXGroup;
			children = (
				37AB93E61C03CEB000BFB2E9 /* Main.storyboard */,
				3707AE571C4902D800C388E8 /* Controller */,
				3707AE581C4902F200C388E8 /* Model */,
				37AE15D61C08796D0039F04E /* Balance+CoreDataProperties.h */,
				37AE15D71C08796D0039F04E /* Balance+CoreDataProperties.m */,
				37AE15DA1C08796D0039F04E /* CashFlow+CoreDataProperties.h */,
				37AE15DB1C08796D0039F04E /* CashFlow+CoreDataProperties.m */,
				37AE15DC1C08796D0039F04E /* CashFlow.h */,
				37AE15DD1C08796D0039F04E /* CashFlow.m */,
				37AB93DA1C03CEAF00BFB2E9 /* AppDelegate.h */,
				37AB93DB1C03CEAF00BFB2E9 /* AppDelegate.m */,
				37AB93E91C03CEB100BFB2E9 /* Assets.xcassets */,
				37AB93EB1C03CEB100BFB2E9 /* LaunchScreen.storyboard */,
				37AB93EE1C03CEB100BFB2E9 /* Info.plist */,
				37AB93DD1C03CEB000BFB2E9 /* WhereIsMyBucks.xcdatamodeld */,
				37AB93D71C03CEAF00BFB2E9 /* Supporting Files */,
				37FF88821C3B3E2000F1B100 /* CategoryPickerDataSource.h */,
				37FF88831C3B3E2000F1B100 /* CatergoryPickerDataSource.m */,
			);
			path = WhereIsMyBucks;
			sourceTree = "<group>";
		};
		37AB93D71C03CEAF00BFB2E9 /* Supporting Files */ = {
			isa = PBXGroup;
			children = (
				37AB93D81C03CEAF00BFB2E9 /* main.m */,
			);
			name = "Supporting Files";
			sourceTree = "<group>";
		};
		37AB93F61C03CEB100BFB2E9 /* WhereIsMyBucksTests */ = {
			isa = PBXGroup;
			children = (
				37AB93F71C03CEB100BFB2E9 /* WhereIsMyBucksTests.m */,
				37AB93F91C03CEB100BFB2E9 /* Info.plist */,
			);
			path = WhereIsMyBucksTests;
			sourceTree = "<group>";
		};
/* End PBXGroup section */

/* Begin PBXNativeTarget section */
		37AB93D31C03CEAF00BFB2E9 /* WhereIsMyBucks */ = {
			isa = PBXNativeTarget;
			buildConfigurationList = 37AB93FC1C03CEB200BFB2E9 /* Build configuration list for PBXNativeTarget "WhereIsMyBucks" */;
			buildPhases = (
				37AB93D01C03CEAF00BFB2E9 /* Sources */,
				37AB93D11C03CEAF00BFB2E9 /* Frameworks */,
				37AB93D21C03CEAF00BFB2E9 /* Resources */,
			);
			buildRules = (
			);
			dependencies = (
			);
			name = WhereIsMyBucks;
			productName = WhereIsMyBucks;
			productReference = 37AB93D41C03CEAF00BFB2E9 /* WhereIsMyBucks.app */;
			productType = "com.apple.product-type.application";
		};
		37AB93F21C03CEB100BFB2E9 /* WhereIsMyBucksTests */ = {
			isa = PBXNativeTarget;
			buildConfigurationList = 37AB93FF1C03CEB200BFB2E9 /* Build configuration list for PBXNativeTarget "WhereIsMyBucksTests" */;
			buildPhases = (
				37AB93EF1C03CEB100BFB2E9 /* Sources */,
				37AB93F01C03CEB100BFB2E9 /* Frameworks */,
				37AB93F11C03CEB100BFB2E9 /* Resources */,
			);
			buildRules = (
			);
			dependencies = (
				37AB93F51C03CEB100BFB2E9 /* PBXTargetDependency */,
			);
			name = WhereIsMyBucksTests;
			productName = WhereIsMyBucksTests;
			productReference = 37AB93F31C03CEB100BFB2E9 /* WhereIsMyBucksTests.xctest */;
			productType = "com.apple.product-type.bundle.unit-test";
		};
/* End PBXNativeTarget section */

/* Begin PBXProject section */
		37AB93CC1C03CEAE00BFB2E9 /* Project object */ = {
			isa = PBXProject;
			attributes = {
				LastUpgradeCheck = 0710;
				ORGANIZATIONNAME = "Nick Chigir";
				TargetAttributes = {
					37AB93D31C03CEAF00BFB2E9 = {
						CreatedOnToolsVersion = 7.1.1;
					};
					37AB93F21C03CEB100BFB2E9 = {
						CreatedOnToolsVersion = 7.1.1;
						TestTargetID = 37AB93D31C03CEAF00BFB2E9;
					};
				};
			};
			buildConfigurationList = 37AB93CF1C03CEAE00BFB2E9 /* Build configuration list for PBXProject "WhereIsMyBucks" */;
			compatibilityVersion = "Xcode 3.2";
			developmentRegion = English;
			hasScannedForEncodings = 0;
			knownRegions = (
				en,
				Base,
			);
			mainGroup = 37AB93CB1C03CEAE00BFB2E9;
			productRefGroup = 37AB93D51C03CEAF00BFB2E9 /* Products */;
			projectDirPath = "";
			projectRoot = "";
			targets = (
				37AB93D31C03CEAF00BFB2E9 /* WhereIsMyBucks */,
				37AB93F21C03CEB100BFB2E9 /* WhereIsMyBucksTests */,
			);
		};
/* End PBXProject section */

/* Begin PBXResourcesBuildPhase section */
		37AB93D21C03CEAF00BFB2E9 /* Resources */ = {
			isa = PBXResourcesBuildPhase;
			buildActionMask = 2147483647;
			files = (
				37AB93ED1C03CEB100BFB2E9 /* LaunchScreen.storyboard in Resources */,
				37AB93EA1C03CEB100BFB2E9 /* Assets.xcassets in Resources */,
				37AB93E81C03CEB000BFB2E9 /* Main.storyboard in Resources */,
			);
			runOnlyForDeploymentPostprocessing = 0;
		};
		37AB93F11C03CEB100BFB2E9 /* Resources */ = {
			isa = PBXResourcesBuildPhase;
			buildActionMask = 2147483647;
			files = (
			);
			runOnlyForDeploymentPostprocessing = 0;
		};
/* End PBXResourcesBuildPhase section */

/* Begin PBXSourcesBuildPhase section */
		37AB93D01C03CEAF00BFB2E9 /* Sources */ = {
			isa = PBXSourcesBuildPhase;
			buildActionMask = 2147483647;
			files = (
				37FF887B1C3B358900F1B100 /* ScrollViewController.m in Sources */,
				37AE15E31C08796E0039F04E /* Event.m in Sources */,
				377E746E1C2965FB003C4C38 /* CathegoryViewController.m in Sources */,
				37AE15E11C08796E0039F04E /* Account.m in Sources */,
				37AE15E61C08796E0039F04E /* Balance+CoreDataProperties.m in Sources */,
				37AE15DF1C08796E0039F04E /* Transaction.m in Sources */,
				3707AE561C4543C500C388E8 /* HBTransactionController.m in Sources */,
				37AB93E51C03CEB000BFB2E9 /* DetailViewController.m in Sources */,
				37AB93E21C03CEB000BFB2E9 /* MasterViewController.m in Sources */,
				37FF887E1C3B3AF100F1B100 /* TranDetailViewController.m in Sources */,
				37AE15E21C08796E0039F04E /* Event+CoreDataProperties.m in Sources */,
				37AB93DC1C03CEAF00BFB2E9 /* AppDelegate.m in Sources */,
				37AE15EC1C08A6810039F04E /* NewTranViewController.m in Sources */,
				37AE15E51C08796E0039F04E /* Cathegory.m in Sources */,
				37AB93D91C03CEAF00BFB2E9 /* main.m in Sources */,
				37AE15E81C08796E0039F04E /* CashFlow+CoreDataProperties.m in Sources */,
				37AE15EF1C08BB9F0039F04E /* KeysGenerator.m in Sources */,
				37AE15E71C08796E0039F04E /* Balance.m in Sources */,
				37AE15DE1C08796E0039F04E /* Transaction+CoreDataProperties.m in Sources */,
				3707AE5B1C49AF1E00C388E8 /* TransactionViewController.m in Sources */,
				37FF88811C3B3C7100F1B100 /* DetailListViewController.m in Sources */,
				3707AE5E1C4B03EE00C388E8 /* CategoryListViewController.m in Sources */,
				37AB93DF1C03CEB000BFB2E9 /* WhereIsMyBucks.xcdatamodeld in Sources */,
				37AE15E91C08796E0039F04E /* CashFlow.m in Sources */,
				37AE15E41C08796E0039F04E /* Cathegory+CoreDataProperties.m in Sources */,
				37AE15E01C08796E0039F04E /* Account+CoreDataProperties.m in Sources */,
				37FF88841C3B3E2000F1B100 /* CatergoryPickerDataSource.m in Sources */,
			);
			runOnlyForDeploymentPostprocessing = 0;
		};
		37AB93EF1C03CEB100BFB2E9 /* Sources */ = {
			isa = PBXSourcesBuildPhase;
			buildActionMask = 2147483647;
			files = (
				37AB93F81C03CEB100BFB2E9 /* WhereIsMyBucksTests.m in Sources */,
			);
			runOnlyForDeploymentPostprocessing = 0;
		};
/* End PBXSourcesBuildPhase section */

/* Begin PBXTargetDependency section */
		37AB93F51C03CEB100BFB2E9 /* PBXTargetDependency */ = {
			isa = PBXTargetDependency;
			target = 37AB93D31C03CEAF00BFB2E9 /* WhereIsMyBucks */;
			targetProxy = 37AB93F41C03CEB100BFB2E9 /* PBXContainerItemProxy */;
		};
/* End PBXTargetDependency section */

/* Begin PBXVariantGroup section */
		37AB93E61C03CEB000BFB2E9 /* Main.storyboard */ = {
			isa = PBXVariantGroup;
			children = (
				37AB93E71C03CEB000BFB2E9 /* Base */,
			);
			name = Main.storyboard;
			sourceTree = "<group>";
		};
		37AB93EB1C03CEB100BFB2E9 /* LaunchScreen.storyboard */ = {
			isa = PBXVariantGroup;
			children = (
				37AB93EC1C03CEB100BFB2E9 /* Base */,
			);
			name = LaunchScreen.storyboard;
			sourceTree = "<group>";
		};
/* End PBXVariantGroup section */

/* Begin XCBuildConfiguration section */
		37AB93FA1C03CEB200BFB2E9 /* Debug */ = {
			isa = XCBuildConfiguration;
			buildSettings = {
				ALWAYS_SEARCH_USER_PATHS = NO;
				CLANG_CXX_LANGUAGE_STANDARD = "gnu++0x";
				CLANG_CXX_LIBRARY = "libc++";
				CLANG_ENABLE_MODULES = YES;
				CLANG_ENABLE_OBJC_ARC = YES;
				CLANG_WARN_BOOL_CONVERSION = YES;
				CLANG_WARN_CONSTANT_CONVERSION = YES;
				CLANG_WARN_DIRECT_OBJC_ISA_USAGE = YES_ERROR;
				CLANG_WARN_EMPTY_BODY = YES;
				CLANG_WARN_ENUM_CONVERSION = YES;
				CLANG_WARN_INT_CONVERSION = YES;
				CLANG_WARN_OBJC_ROOT_CLASS = YES_ERROR;
				CLANG_WARN_UNREACHABLE_CODE = YES;
				CLANG_WARN__DUPLICATE_METHOD_MATCH = YES;
				"CODE_SIGN_IDENTITY[sdk=iphoneos*]" = "iPhone Developer";
				COPY_PHASE_STRIP = NO;
				DEBUG_INFORMATION_FORMAT = dwarf;
				ENABLE_STRICT_OBJC_MSGSEND = YES;
				ENABLE_TESTABILITY = YES;
				GCC_C_LANGUAGE_STANDARD = gnu99;
				GCC_DYNAMIC_NO_PIC = NO;
				GCC_NO_COMMON_BLOCKS = YES;
				GCC_OPTIMIZATION_LEVEL = 0;
				GCC_PREPROCESSOR_DEFINITIONS = (
					"DEBUG=1",
					"$(inherited)",
				);
				GCC_WARN_64_TO_32_BIT_CONVERSION = YES;
				GCC_WARN_ABOUT_RETURN_TYPE = YES_ERROR;
				GCC_WARN_UNDECLARED_SELECTOR = YES;
				GCC_WARN_UNINITIALIZED_AUTOS = YES_AGGRESSIVE;
				GCC_WARN_UNUSED_FUNCTION = YES;
				GCC_WARN_UNUSED_VARIABLE = YES;
				IPHONEOS_DEPLOYMENT_TARGET = 9.1;
				MTL_ENABLE_DEBUG_INFO = YES;
				ONLY_ACTIVE_ARCH = YES;
				SDKROOT = iphoneos;
			};
			name = Debug;
		};
		37AB93FB1C03CEB200BFB2E9 /* Release */ = {
			isa = XCBuildConfiguration;
			buildSettings = {
				ALWAYS_SEARCH_USER_PATHS = NO;
				CLANG_CXX_LANGUAGE_STANDARD = "gnu++0x";
				CLANG_CXX_LIBRARY = "libc++";
				CLANG_ENABLE_MODULES = YES;
				CLANG_ENABLE_OBJC_ARC = YES;
				CLANG_WARN_BOOL_CONVERSION = YES;
				CLANG_WARN_CONSTANT_CONVERSION = YES;
				CLANG_WARN_DIRECT_OBJC_ISA_USAGE = YES_ERROR;
				CLANG_WARN_EMPTY_BODY = YES;
				CLANG_WARN_ENUM_CONVERSION = YES;
				CLANG_WARN_INT_CONVERSION = YES;
				CLANG_WARN_OBJC_ROOT_CLASS = YES_ERROR;
				CLANG_WARN_UNREACHABLE_CODE = YES;
				CLANG_WARN__DUPLICATE_METHOD_MATCH = YES;
				"CODE_SIGN_IDENTITY[sdk=iphoneos*]" = "iPhone Developer";
				COPY_PHASE_STRIP = NO;
				DEBUG_INFORMATION_FORMAT = "dwarf-with-dsym";
				ENABLE_NS_ASSERTIONS = NO;
				ENABLE_STRICT_OBJC_MSGSEND = YES;
				GCC_C_LANGUAGE_STANDARD = gnu99;
				GCC_NO_COMMON_BLOCKS = YES;
				GCC_WARN_64_TO_32_BIT_CONVERSION = YES;
				GCC_WARN_ABOUT_RETURN_TYPE = YES_ERROR;
				GCC_WARN_UNDECLARED_SELECTOR = YES;
				GCC_WARN_UNINITIALIZED_AUTOS = YES_AGGRESSIVE;
				GCC_WARN_UNUSED_FUNCTION = YES;
				GCC_WARN_UNUSED_VARIABLE = YES;
				IPHONEOS_DEPLOYMENT_TARGET = 9.1;
				MTL_ENABLE_DEBUG_INFO = NO;
				SDKROOT = iphoneos;
				VALIDATE_PRODUCT = YES;
			};
			name = Release;
		};
		37AB93FD1C03CEB200BFB2E9 /* Debug */ = {
			isa = XCBuildConfiguration;
			buildSettings = {
				ASSETCATALOG_COMPILER_APPICON_NAME = AppIcon;
				INFOPLIST_FILE = WhereIsMyBucks/Info.plist;
				LD_RUNPATH_SEARCH_PATHS = "$(inherited) @executable_path/Frameworks";
				PRODUCT_BUNDLE_IDENTIFIER = nick.WhereIsMyBucks;
				PRODUCT_NAME = "$(TARGET_NAME)";
			};
			name = Debug;
		};
		37AB93FE1C03CEB200BFB2E9 /* Release */ = {
			isa = XCBuildConfiguration;
			buildSettings = {
				ASSETCATALOG_COMPILER_APPICON_NAME = AppIcon;
				INFOPLIST_FILE = WhereIsMyBucks/Info.plist;
				LD_RUNPATH_SEARCH_PATHS = "$(inherited) @executable_path/Frameworks";
				PRODUCT_BUNDLE_IDENTIFIER = nick.WhereIsMyBucks;
				PRODUCT_NAME = "$(TARGET_NAME)";
			};
			name = Release;
		};
		37AB94001C03CEB200BFB2E9 /* Debug */ = {
			isa = XCBuildConfiguration;
			buildSettings = {
				BUNDLE_LOADER = "$(TEST_HOST)";
				INFOPLIST_FILE = WhereIsMyBucksTests/Info.plist;
				LD_RUNPATH_SEARCH_PATHS = "$(inherited) @executable_path/Frameworks @loader_path/Frameworks";
				PRODUCT_BUNDLE_IDENTIFIER = nick.WhereIsMyBucksTests;
				PRODUCT_NAME = "$(TARGET_NAME)";
				TEST_HOST = "$(BUILT_PRODUCTS_DIR)/WhereIsMyBucks.app/WhereIsMyBucks";
			};
			name = Debug;
		};
		37AB94011C03CEB200BFB2E9 /* Release */ = {
			isa = XCBuildConfiguration;
			buildSettings = {
				BUNDLE_LOADER = "$(TEST_HOST)";
				INFOPLIST_FILE = WhereIsMyBucksTests/Info.plist;
				LD_RUNPATH_SEARCH_PATHS = "$(inherited) @executable_path/Frameworks @loader_path/Frameworks";
				PRODUCT_BUNDLE_IDENTIFIER = nick.WhereIsMyBucksTests;
				PRODUCT_NAME = "$(TARGET_NAME)";
				TEST_HOST = "$(BUILT_PRODUCTS_DIR)/WhereIsMyBucks.app/WhereIsMyBucks";
			};
			name = Release;
		};
/* End XCBuildConfiguration section */

/* Begin XCConfigurationList section */
		37AB93CF1C03CEAE00BFB2E9 /* Build configuration list for PBXProject "WhereIsMyBucks" */ = {
			isa = XCConfigurationList;
			buildConfigurations = (
				37AB93FA1C03CEB200BFB2E9 /* Debug */,
				37AB93FB1C03CEB200BFB2E9 /* Release */,
			);
			defaultConfigurationIsVisible = 0;
			defaultConfigurationName = Release;
		};
		37AB93FC1C03CEB200BFB2E9 /* Build configuration list for PBXNativeTarget "WhereIsMyBucks" */ = {
			isa = XCConfigurationList;
			buildConfigurations = (
				37AB93FD1C03CEB200BFB2E9 /* Debug */,
				37AB93FE1C03CEB200BFB2E9 /* Release */,
			);
			defaultConfigurationIsVisible = 0;
			defaultConfigurationName = Release;
		};
		37AB93FF1C03CEB200BFB2E9 /* Build configuration list for PBXNativeTarget "WhereIsMyBucksTests" */ = {
			isa = XCConfigurationList;
			buildConfigurations = (
				37AB94001C03CEB200BFB2E9 /* Debug */,
				37AB94011C03CEB200BFB2E9 /* Release */,
			);
			defaultConfigurationIsVisible = 0;
			defaultConfigurationName = Release;
		};
/* End XCConfigurationList section */

/* Begin XCVersionGroup section */
		37AB93DD1C03CEB000BFB2E9 /* WhereIsMyBucks.xcdatamodeld */ = {
			isa = XCVersionGroup;
			children = (
				37AB93DE1C03CEB000BFB2E9 /* WhereIsMyBucks.xcdatamodel */,
			);
			currentVersion = 37AB93DE1C03CEB000BFB2E9 /* WhereIsMyBucks.xcdatamodel */;
			path = WhereIsMyBucks.xcdatamodeld;
			sourceTree = "<group>";
			versionGroupType = wrapper.xcdatamodel;
		};
/* End XCVersionGroup section */
	};
	rootObject = 37AB93CC1C03CEAE00BFB2E9 /* Project object */;
}
